
Microsoft Visual Studio Solution File, Format Version 12.00
# Visual Studio Version 17
VisualStudioVersion = 17.7.34024.191
MinimumVisualStudioVersion = 10.0.40219.1
Project("{FAE04EC0-301F-11D3-BF4B-00C04F79EFBC}") = "Assignment_day14_disconnected", "Assignment_day14_disconnected.csproj", "{8623210E-5A3D-4BB8-80CD-CFB1814E936C}"
EndProject
Global
	GlobalSection(SolutionConfigurationPlatforms) = preSolution
		Debug|Any CPU = Debug|Any CPU
		Release|Any CPU = Release|Any CPU
	EndGlobalSection
	GlobalSection(ProjectConfigurationPlatforms) = postSolution
		{8623210E-5A3D-4BB8-80CD-CFB1814E936C}.Debug|Any CPU.ActiveCfg = Debug|Any CPU
		{8623210E-5A3D-4BB8-80CD-CFB1814E936C}.Debug|Any CPU.Build.0 = Debug|Any CPU
		{8623210E-5A3D-4BB8-80CD-CFB1814E936C}.Release|Any CPU.ActiveCfg = Release|Any CPU
		{8623210E-5A3D-4BB8-80CD-CFB1814E936C}.Release|Any CPU.Build.0 = Release|Any CPU
	EndGlobalSection
	GlobalSection(SolutionProperties) = preSolution
		HideSolutionNode = FALSE
	EndGlobalSection
	GlobalSection(ExtensibilityGlobals) = postSolution
		SolutionGuid = {916ACFF6-9F0A-402A-9236-1FFB66F34C0A}
	EndGlobalSection
EndGlobal
