
Microsoft Visual Studio Solution File, Format Version 12.00
# Visual Studio Version 17
VisualStudioVersion = 17.7.34024.191
MinimumVisualStudioVersion = 10.0.40219.1
Project("{FAE04EC0-301F-11D3-BF4B-00C04F79EFBC}") = "Assignment_Ado_dotnet", "Assignment_Ado_dotnet.csproj", "{31E094BD-9B00-4CE5-B05E-E8E5F1D9233B}"
EndProject
Global
	GlobalSection(SolutionConfigurationPlatforms) = preSolution
		Debug|Any CPU = Debug|Any CPU
		Release|Any CPU = Release|Any CPU
	EndGlobalSection
	GlobalSection(ProjectConfigurationPlatforms) = postSolution
		{31E094BD-9B00-4CE5-B05E-E8E5F1D9233B}.Debug|Any CPU.ActiveCfg = Debug|Any CPU
		{31E094BD-9B00-4CE5-B05E-E8E5F1D9233B}.Debug|Any CPU.Build.0 = Debug|Any CPU
		{31E094BD-9B00-4CE5-B05E-E8E5F1D9233B}.Release|Any CPU.ActiveCfg = Release|Any CPU
		{31E094BD-9B00-4CE5-B05E-E8E5F1D9233B}.Release|Any CPU.Build.0 = Release|Any CPU
	EndGlobalSection
	GlobalSection(SolutionProperties) = preSolution
		HideSolutionNode = FALSE
	EndGlobalSection
	GlobalSection(ExtensibilityGlobals) = postSolution
		SolutionGuid = {221B9E3F-277E-45FE-9E35-940ED1882932}
	EndGlobalSection
EndGlobal
